
Microsoft Visual Studio Solution File, Format Version 12.00
# Visual Studio 15
VisualStudioVersion = 15.0.28307.1209
MinimumVisualStudioVersion = 10.0.40219.1
Project("{8BC9CEB8-8B4A-11D0-8D11-00A0C91BC942}") = "CLogger", "CLogger\CLogger.vcxproj", "{292A0495-24FF-4186-AA9E-95541EAF0527}"
EndProject
Project("{8BC9CEB8-8B4A-11D0-8D11-00A0C91BC942}") = "CLogger.UnitTest", "CLogger.UnitTest\CLogger.UnitTest.vcxproj", "{EF4ED062-CEB7-4CC0-86F7-F1CA62182AA6}"
EndProject
Global
	GlobalSection(SolutionConfigurationPlatforms) = preSolution
		Debug|Win32 = Debug|Win32
		Debug|x64 = Debug|x64
		Release|Win32 = Release|Win32
		Release|x64 = Release|x64
	EndGlobalSection
	GlobalSection(ProjectConfigurationPlatforms) = postSolution
		{292A0495-24FF-4186-AA9E-95541EAF0527}.Debug|Win32.ActiveCfg = Debug|Win32
		{292A0495-24FF-4186-AA9E-95541EAF0527}.Debug|Win32.Build.0 = Debug|Win32
		{292A0495-24FF-4186-AA9E-95541EAF0527}.Debug|x64.ActiveCfg = Debug|Win32
		{292A0495-24FF-4186-AA9E-95541EAF0527}.Release|Win32.ActiveCfg = Release|Win32
		{292A0495-24FF-4186-AA9E-95541EAF0527}.Release|Win32.Build.0 = Release|Win32
		{292A0495-24FF-4186-AA9E-95541EAF0527}.Release|x64.ActiveCfg = Release|Win32
		{EF4ED062-CEB7-4CC0-86F7-F1CA62182AA6}.Debug|Win32.ActiveCfg = Debug|Win32
		{EF4ED062-CEB7-4CC0-86F7-F1CA62182AA6}.Debug|Win32.Build.0 = Debug|Win32
		{EF4ED062-CEB7-4CC0-86F7-F1CA62182AA6}.Debug|x64.ActiveCfg = Debug|x64
		{EF4ED062-CEB7-4CC0-86F7-F1CA62182AA6}.Debug|x64.Build.0 = Debug|x64
		{EF4ED062-CEB7-4CC0-86F7-F1CA62182AA6}.Release|Win32.ActiveCfg = Release|Win32
		{EF4ED062-CEB7-4CC0-86F7-F1CA62182AA6}.Release|Win32.Build.0 = Release|Win32
		{EF4ED062-CEB7-4CC0-86F7-F1CA62182AA6}.Release|x64.ActiveCfg = Release|x64
		{EF4ED062-CEB7-4CC0-86F7-F1CA62182AA6}.Release|x64.Build.0 = Release|x64
	EndGlobalSection
	GlobalSection(SolutionProperties) = preSolution
		HideSolutionNode = FALSE
	EndGlobalSection
	GlobalSection(ExtensibilityGlobals) = postSolution
		SolutionGuid = {E8088C46-F7BA-496F-853D-B5A25A8F30C4}
	EndGlobalSection
EndGlobal
